
Microsoft Visual Studio Solution File, Format Version 12.00
# Visual Studio Version 17
VisualStudioVersion = 17.2.32616.157
MinimumVisualStudioVersion = 10.0.40219.1
Project("{2150E333-8FDC-42A3-9474-1A3956D46DE8}") = "Src", "Src", "{F821859A-10A1-4378-B366-33DAC17D18F3}"
EndProject
Project("{2150E333-8FDC-42A3-9474-1A3956D46DE8}") = "Test", "Test", "{867840B0-E0B9-418E-B9B4-FA481B5281DE}"
EndProject
Project("{2150E333-8FDC-42A3-9474-1A3956D46DE8}") = "Core", "Core", "{4B9FE91C-ED10-4A99-9118-AE6FF53C07BD}"
EndProject
Project("{2150E333-8FDC-42A3-9474-1A3956D46DE8}") = "Presistence", "Presistence", "{C64E20AE-2E2F-428B-B5E3-EC9B2ED82533}"
EndProject
Project("{2150E333-8FDC-42A3-9474-1A3956D46DE8}") = "Presentaion", "Presentaion", "{0CAF3A09-057E-4EDF-8D20-FD513981A2F1}"
EndProject
Project("{FAE04EC0-301F-11D3-BF4B-00C04F79EFBC}") = "Soft98.Domain", "Soft98.Domain\Soft98.Domain.csproj", "{F8F22773-8DA6-4836-8CB7-C43B15FEBD65}"
EndProject
Project("{2150E333-8FDC-42A3-9474-1A3956D46DE8}") = "Utility", "Utility", "{6EF795F9-3810-4A87-B356-D0EDF1B2BD6D}"
EndProject
Project("{FAE04EC0-301F-11D3-BF4B-00C04F79EFBC}") = "Soft98.Data", "Soft98.Data\Soft98.Data.csproj", "{C250999F-4B0B-4BC0-938A-C2DE8F005EBD}"
EndProject
Project("{FAE04EC0-301F-11D3-BF4B-00C04F79EFBC}") = "Soft98.SettingsBootstrapper", "Soft98.SettingsBootstrapper\Soft98.SettingsBootstrapper.csproj", "{C3531CDD-F500-48B4-A4C6-A5CD4717A0DD}"
EndProject
Project("{2150E333-8FDC-42A3-9474-1A3956D46DE8}") = "Services", "Services", "{DE7A7F5A-7D0C-4B89-9D3D-A22451DC7617}"
EndProject
Project("{2150E333-8FDC-42A3-9474-1A3956D46DE8}") = "Domain", "Domain", "{217477CE-6C56-42C7-A7B1-C8D26E07850E}"
EndProject
Project("{FAE04EC0-301F-11D3-BF4B-00C04F79EFBC}") = "Soft98.Framework", "Soft98.Framwork01\Soft98.Framework.csproj", "{87CB3CFB-64E6-48BF-BEA0-F1709D2CFC38}"
EndProject
Project("{FAE04EC0-301F-11D3-BF4B-00C04F79EFBC}") = "Soft98.Test", "Soft98.Test\Soft98.Test.csproj", "{5C832CD7-19FB-447D-A2AA-176E1FF942B6}"
EndProject
Project("{FAE04EC0-301F-11D3-BF4B-00C04F79EFBC}") = "Soft98.Presentation", "Soft98.Presentation\Soft98.Presentation.csproj", "{FF25600A-8E5F-4EF9-B356-C2E93315E7BF}"
EndProject
Global
	GlobalSection(SolutionConfigurationPlatforms) = preSolution
		Debug|Any CPU = Debug|Any CPU
		Release|Any CPU = Release|Any CPU
	EndGlobalSection
	GlobalSection(ProjectConfigurationPlatforms) = postSolution
		{F8F22773-8DA6-4836-8CB7-C43B15FEBD65}.Debug|Any CPU.ActiveCfg = Debug|Any CPU
		{F8F22773-8DA6-4836-8CB7-C43B15FEBD65}.Debug|Any CPU.Build.0 = Debug|Any CPU
		{F8F22773-8DA6-4836-8CB7-C43B15FEBD65}.Release|Any CPU.ActiveCfg = Release|Any CPU
		{F8F22773-8DA6-4836-8CB7-C43B15FEBD65}.Release|Any CPU.Build.0 = Release|Any CPU
		{C250999F-4B0B-4BC0-938A-C2DE8F005EBD}.Debug|Any CPU.ActiveCfg = Debug|Any CPU
		{C250999F-4B0B-4BC0-938A-C2DE8F005EBD}.Debug|Any CPU.Build.0 = Debug|Any CPU
		{C250999F-4B0B-4BC0-938A-C2DE8F005EBD}.Release|Any CPU.ActiveCfg = Release|Any CPU
		{C250999F-4B0B-4BC0-938A-C2DE8F005EBD}.Release|Any CPU.Build.0 = Release|Any CPU
		{C3531CDD-F500-48B4-A4C6-A5CD4717A0DD}.Debug|Any CPU.ActiveCfg = Debug|Any CPU
		{C3531CDD-F500-48B4-A4C6-A5CD4717A0DD}.Debug|Any CPU.Build.0 = Debug|Any CPU
		{C3531CDD-F500-48B4-A4C6-A5CD4717A0DD}.Release|Any CPU.ActiveCfg = Release|Any CPU
		{C3531CDD-F500-48B4-A4C6-A5CD4717A0DD}.Release|Any CPU.Build.0 = Release|Any CPU
		{87CB3CFB-64E6-48BF-BEA0-F1709D2CFC38}.Debug|Any CPU.ActiveCfg = Debug|Any CPU
		{87CB3CFB-64E6-48BF-BEA0-F1709D2CFC38}.Debug|Any CPU.Build.0 = Debug|Any CPU
		{87CB3CFB-64E6-48BF-BEA0-F1709D2CFC38}.Release|Any CPU.ActiveCfg = Release|Any CPU
		{87CB3CFB-64E6-48BF-BEA0-F1709D2CFC38}.Release|Any CPU.Build.0 = Release|Any CPU
		{5C832CD7-19FB-447D-A2AA-176E1FF942B6}.Debug|Any CPU.ActiveCfg = Debug|Any CPU
		{5C832CD7-19FB-447D-A2AA-176E1FF942B6}.Debug|Any CPU.Build.0 = Debug|Any CPU
		{5C832CD7-19FB-447D-A2AA-176E1FF942B6}.Release|Any CPU.ActiveCfg = Release|Any CPU
		{5C832CD7-19FB-447D-A2AA-176E1FF942B6}.Release|Any CPU.Build.0 = Release|Any CPU
		{FF25600A-8E5F-4EF9-B356-C2E93315E7BF}.Debug|Any CPU.ActiveCfg = Debug|Any CPU
		{FF25600A-8E5F-4EF9-B356-C2E93315E7BF}.Debug|Any CPU.Build.0 = Debug|Any CPU
		{FF25600A-8E5F-4EF9-B356-C2E93315E7BF}.Release|Any CPU.ActiveCfg = Release|Any CPU
		{FF25600A-8E5F-4EF9-B356-C2E93315E7BF}.Release|Any CPU.Build.0 = Release|Any CPU
	EndGlobalSection
	GlobalSection(SolutionProperties) = preSolution
		HideSolutionNode = FALSE
	EndGlobalSection
	GlobalSection(NestedProjects) = preSolution
		{4B9FE91C-ED10-4A99-9118-AE6FF53C07BD} = {F821859A-10A1-4378-B366-33DAC17D18F3}
		{C64E20AE-2E2F-428B-B5E3-EC9B2ED82533} = {F821859A-10A1-4378-B366-33DAC17D18F3}
		{0CAF3A09-057E-4EDF-8D20-FD513981A2F1} = {F821859A-10A1-4378-B366-33DAC17D18F3}
		{F8F22773-8DA6-4836-8CB7-C43B15FEBD65} = {217477CE-6C56-42C7-A7B1-C8D26E07850E}
		{6EF795F9-3810-4A87-B356-D0EDF1B2BD6D} = {F821859A-10A1-4378-B366-33DAC17D18F3}
		{C250999F-4B0B-4BC0-938A-C2DE8F005EBD} = {C64E20AE-2E2F-428B-B5E3-EC9B2ED82533}
		{C3531CDD-F500-48B4-A4C6-A5CD4717A0DD} = {C64E20AE-2E2F-428B-B5E3-EC9B2ED82533}
		{DE7A7F5A-7D0C-4B89-9D3D-A22451DC7617} = {4B9FE91C-ED10-4A99-9118-AE6FF53C07BD}
		{217477CE-6C56-42C7-A7B1-C8D26E07850E} = {4B9FE91C-ED10-4A99-9118-AE6FF53C07BD}
		{87CB3CFB-64E6-48BF-BEA0-F1709D2CFC38} = {217477CE-6C56-42C7-A7B1-C8D26E07850E}
		{5C832CD7-19FB-447D-A2AA-176E1FF942B6} = {867840B0-E0B9-418E-B9B4-FA481B5281DE}
		{FF25600A-8E5F-4EF9-B356-C2E93315E7BF} = {0CAF3A09-057E-4EDF-8D20-FD513981A2F1}
	EndGlobalSection
	GlobalSection(ExtensibilityGlobals) = postSolution
		SolutionGuid = {E6714138-152E-4E14-A319-73B7D5D82C5D}
	EndGlobalSection
EndGlobal
